/home/rgutzen/Projects/cobrawap_ms_code/cobrawap_output/IDIBAPS_WBS_WT4/stage05_channel_wave_characterization/annotations/wavefronts_annotations.csv
/home/rgutzen/Projects/cobrawap_ms_code/cobrawap_output/IDIBAPS_WBS_WT4/stage05_channel_wave_characterization/annotations/wavefronts_annotations.png
/home/rgutzen/Projects/cobrawap_ms_code/cobrawap_output/IDIBAPS_WBS_WT4/stage05_channel_wave_characterization/spatial_derivative/wavefronts_spatial_derivative.csv
/home/rgutzen/Projects/cobrawap_ms_code/cobrawap_output/IDIBAPS_WBS_WT4/stage05_channel_wave_characterization/spatial_derivative/wavefronts_spatial_derivative.png
/home/rgutzen/Projects/cobrawap_ms_code/cobrawap_output/IDIBAPS_WBS_WT4/stage05_channel_wave_characterization/direction_local/wavefronts_direction_local.csv
/home/rgutzen/Projects/cobrawap_ms_code/cobrawap_output/IDIBAPS_WBS_WT4/stage05_channel_wave_characterization/direction_local/wavefronts_direction_local.png
/home/rgutzen/Projects/cobrawap_ms_code/cobrawap_output/IDIBAPS_WBS_WT4/stage05_channel_wave_characterization/inter_wave_interval_local/wavefronts_inter_wave_interval_local.csv
/home/rgutzen/Projects/cobrawap_ms_code/cobrawap_output/IDIBAPS_WBS_WT4/stage05_channel_wave_characterization/inter_wave_interval_local/wavefronts_inter_wave_interval_local.png
/home/rgutzen/Projects/cobrawap_ms_code/cobrawap_output/IDIBAPS_WBS_WT4/stage05_channel_wave_characterization/velocity_local/wavefronts_velocity_local.csv
/home/rgutzen/Projects/cobrawap_ms_code/cobrawap_output/IDIBAPS_WBS_WT4/stage05_channel_wave_characterization/velocity_local/wavefronts_velocity_local.png
/home/rgutzen/Projects/cobrawap_ms_code/cobrawap_output/IDIBAPS_WBS_WT4/stage05_channel_wave_characterization/flow_direction_local/wavefronts_flow_direction_local.csv
/home/rgutzen/Projects/cobrawap_ms_code/cobrawap_output/IDIBAPS_WBS_WT4/stage05_channel_wave_characterization/flow_direction_local/wavefronts_flow_direction_local.png
/home/rgutzen/Projects/cobrawap_ms_code/cobrawap_output/IDIBAPS_WBS_WT4/stage05_channel_wave_characterization/wavefronts_channel-wise_measures.csv
/home/rgutzen/Projects/cobrawap_ms_code/cobrawap_output/IDIBAPS_WBS_WT4/stage05_channel_wave_characterization/overview_measures.html
